{
  "name": "harness_keeper_plugin",
  "version": "1.0.0",
  "lockfileVersion": 3,
  "requires": true,
  "packages": {
    "": {
      "name": "harness_keeper_plugin",
      "version": "1.0.0",
      "license": "ISC",
      "dependencies": {
        "@keeper-security/secrets-manager-core": "^17.3.0"
      }
    },
    "node_modules/@keeper-security/secrets-manager-core": {
      "version": "17.3.0",
      "resolved": "https://registry.npmjs.org/@keeper-security/secrets-manager-core/-/secrets-manager-core-17.3.0.tgz",
      "integrity": "sha512-9Wm5s4qbJJlOFmB1L1p2+TqWLdMg/IQMcKEXKw2ZTOQlHjGzECrX2HoeCEdCG8datt/n7uo7f84uby4GvJyOXA==",
      "license": "MIT"
    }
  }
}
